
Microsoft Visual Studio Solution File, Format Version 11.00
# Visual Studio 2010
Project("{FAE04EC0-301F-11D3-BF4B-00C04F79EFBC}") = "FToolUtility", "FToolUtility\FToolUtility.csproj", "{783C404F-E4B4-4D90-86D6-8B61D6C149D9}"
EndProject
Project("{FAE04EC0-301F-11D3-BF4B-00C04F79EFBC}") = "ConsoleApplication1", "ConsoleApplication1\ConsoleApplication1.csproj", "{FC4A5D79-7AFB-46EC-BF56-4D53978FD12B}"
EndProject
Global
	GlobalSection(SolutionConfigurationPlatforms) = preSolution
		Debug|Any CPU = Debug|Any CPU
		Debug|Mixed Platforms = Debug|Mixed Platforms
		Debug|x86 = Debug|x86
		Release|Any CPU = Release|Any CPU
		Release|Mixed Platforms = Release|Mixed Platforms
		Release|x86 = Release|x86
	EndGlobalSection
	GlobalSection(ProjectConfigurationPlatforms) = postSolution
		{783C404F-E4B4-4D90-86D6-8B61D6C149D9}.Debug|Any CPU.ActiveCfg = Debug|Any CPU
		{783C404F-E4B4-4D90-86D6-8B61D6C149D9}.Debug|Any CPU.Build.0 = Debug|Any CPU
		{783C404F-E4B4-4D90-86D6-8B61D6C149D9}.Debug|Mixed Platforms.ActiveCfg = Debug|Any CPU
		{783C404F-E4B4-4D90-86D6-8B61D6C149D9}.Debug|Mixed Platforms.Build.0 = Debug|Any CPU
		{783C404F-E4B4-4D90-86D6-8B61D6C149D9}.Debug|x86.ActiveCfg = Debug|Any CPU
		{783C404F-E4B4-4D90-86D6-8B61D6C149D9}.Release|Any CPU.ActiveCfg = Release|Any CPU
		{783C404F-E4B4-4D90-86D6-8B61D6C149D9}.Release|Any CPU.Build.0 = Release|Any CPU
		{783C404F-E4B4-4D90-86D6-8B61D6C149D9}.Release|Mixed Platforms.ActiveCfg = Release|Any CPU
		{783C404F-E4B4-4D90-86D6-8B61D6C149D9}.Release|Mixed Platforms.Build.0 = Release|Any CPU
		{783C404F-E4B4-4D90-86D6-8B61D6C149D9}.Release|x86.ActiveCfg = Release|Any CPU
		{FC4A5D79-7AFB-46EC-BF56-4D53978FD12B}.Debug|Any CPU.ActiveCfg = Debug|x86
		{FC4A5D79-7AFB-46EC-BF56-4D53978FD12B}.Debug|Mixed Platforms.ActiveCfg = Debug|x86
		{FC4A5D79-7AFB-46EC-BF56-4D53978FD12B}.Debug|Mixed Platforms.Build.0 = Debug|x86
		{FC4A5D79-7AFB-46EC-BF56-4D53978FD12B}.Debug|x86.ActiveCfg = Debug|x86
		{FC4A5D79-7AFB-46EC-BF56-4D53978FD12B}.Debug|x86.Build.0 = Debug|x86
		{FC4A5D79-7AFB-46EC-BF56-4D53978FD12B}.Release|Any CPU.ActiveCfg = Release|x86
		{FC4A5D79-7AFB-46EC-BF56-4D53978FD12B}.Release|Mixed Platforms.ActiveCfg = Release|x86
		{FC4A5D79-7AFB-46EC-BF56-4D53978FD12B}.Release|Mixed Platforms.Build.0 = Release|x86
		{FC4A5D79-7AFB-46EC-BF56-4D53978FD12B}.Release|x86.ActiveCfg = Release|x86
		{FC4A5D79-7AFB-46EC-BF56-4D53978FD12B}.Release|x86.Build.0 = Release|x86
	EndGlobalSection
	GlobalSection(SolutionProperties) = preSolution
		HideSolutionNode = FALSE
	EndGlobalSection
EndGlobal
